
Microsoft Visual Studio Solution File, Format Version 12.00
# Visual Studio 15
VisualStudioVersion = 15.0.27130.2020
MinimumVisualStudioVersion = 10.0.40219.1
Project("{FAE04EC0-301F-11D3-BF4B-00C04F79EFBC}") = "SortingByChoice", "SortingByChoice\SortingByChoice.csproj", "{3BAFC4DE-A130-45EC-8AD8-5CEC0BC3B721}"
EndProject
Global
	GlobalSection(SolutionConfigurationPlatforms) = preSolution
		Debug|Any CPU = Debug|Any CPU
		Release|Any CPU = Release|Any CPU
	EndGlobalSection
	GlobalSection(ProjectConfigurationPlatforms) = postSolution
		{3BAFC4DE-A130-45EC-8AD8-5CEC0BC3B721}.Debug|Any CPU.ActiveCfg = Debug|Any CPU
		{3BAFC4DE-A130-45EC-8AD8-5CEC0BC3B721}.Debug|Any CPU.Build.0 = Debug|Any CPU
		{3BAFC4DE-A130-45EC-8AD8-5CEC0BC3B721}.Release|Any CPU.ActiveCfg = Release|Any CPU
		{3BAFC4DE-A130-45EC-8AD8-5CEC0BC3B721}.Release|Any CPU.Build.0 = Release|Any CPU
	EndGlobalSection
	GlobalSection(SolutionProperties) = preSolution
		HideSolutionNode = FALSE
	EndGlobalSection
	GlobalSection(ExtensibilityGlobals) = postSolution
		SolutionGuid = {6C062AAB-B807-4360-8851-24B1AEA33768}
	EndGlobalSection
EndGlobal
